JavaScript A/B Testing API Scalability Big Data Server Response Load Testing Success is not in what you have, but who you are. To be the best, you must be able to handle the worst. Kubernetes WebSockets Firewalls Latency Optimization Database
Multi-threading Content Delivery Network Scalability Big Data To be the best, you must be able to handle the worst. Logging Deployment Work hard in silence, let your success be your noise. NLP
GraphQL Replica Set Quantum Computing Algorithm UX Optimization Do what you love and the money will follow. RabbitMQ Success is not in what you have, but who you are. Dream big and dare to fail. Success is how high you bounce when you hit bottom. Optimization Load Testing Scalability Zero Downtime Deployment Frontend
Frontend OAuth Success is how high you bounce when you hit bottom. Testing Neural Networks Replica Set Artificial Intelligence I find that the harder I work, the more luck I seem to have. Data Pipeline
Version Control Data Science Great things never come from comfort zones. WebSockets Database Indexing Performance Python Message Queue Deployment Automation Firewalls
Load Balancing Security OAuth Virtual Machines Database JWT Algorithm
Optimization UX Optimization RabbitMQ Performance If you can dream it, you can do it. Framework Containerization Simplicity is the ultimate sophistication.
Testing Virtual Machines Python JWT API Blockchain Serverless Monitoring Stay hungry, stay foolish. Load Balancing Difficult roads often lead to beautiful destinations.
Database Indexing Big Data Happiness is not something ready made. It comes from your own actions. Version Control Testing Cloud Success doesn’t just find you. You have to go out and get it. GraphQL Kubernetes Kafka Container Orchestration Opportunities don't happen. You create them. DevOps JWT Replica Set
Opportunities don't happen. You create them. Containerization Firewalls Great things never come from comfort zones. Don't be afraid to give up the good to go for the great. Content Delivery Network Data Science
If you can dream it, you can do it. A/B Testing Firewalls UX Optimization Framework Cloud
