JavaScript A/B Testing API Scalability Big Data Server Response Load Testing Success is not in what you have, but who you are. To be the best, you must be able to handle the worst. Kubernetes WebSockets Firewalls Latency Optimization Database
Multi-threading Content Delivery Network Scalability Big Data To be the best, you must be able to handle the worst. Logging Deployment Work hard in silence, let your success be your noise. NLP
GraphQL Replica Set Quantum Computing Algorithm UX Optimization Do what you love and the money will follow. RabbitMQ Success is not in what you have, but who you are. Dream big and dare to fail. Success is how high you bounce when you hit bottom. Optimization Load Testing Scalability Zero Downtime Deployment Frontend
Frontend OAuth Success is how high you bounce when you hit bottom. Testing Neural Networks Replica Set Artificial Intelligence I find that the harder I work, the more luck I seem to have. Data Pipeline
